Microsoft Visual Studio Solution File, Format Version 12.00
# Visual Studio Version 17
VisualStudioVersion = 17.5.2.0
MinimumVisualStudioVersion = 10.0.40219.1
Project("{FAE04EC0-301F-11D3-BF4B-00C04F79EFBC}") = "Lab01_Podlobkov_Efremov", "Lab01_Podlobkov_Efremov.csproj", "{1E5FCCEA-B084-8E68-F9F3-42AEE5F5200B}"
EndProject
Global
	GlobalSection(SolutionConfigurationPlatforms) = preSolution
		Debug|Any CPU = Debug|Any CPU
		Release|Any CPU = Release|Any CPU
	EndGlobalSection
	GlobalSection(ProjectConfigurationPlatforms) = postSolution
		{1E5FCCEA-B084-8E68-F9F3-42AEE5F5200B}.Debug|Any CPU.ActiveCfg = Debug|Any CPU
		{1E5FCCEA-B084-8E68-F9F3-42AEE5F5200B}.Debug|Any CPU.Build.0 = Debug|Any CPU
		{1E5FCCEA-B084-8E68-F9F3-42AEE5F5200B}.Release|Any CPU.ActiveCfg = Release|Any CPU
		{1E5FCCEA-B084-8E68-F9F3-42AEE5F5200B}.Release|Any CPU.Build.0 = Release|Any CPU
	EndGlobalSection
	GlobalSection(SolutionProperties) = preSolution
		HideSolutionNode = FALSE
	EndGlobalSection
	GlobalSection(ExtensibilityGlobals) = postSolution
		SolutionGuid = {5BE255B9-FC4E-472B-87B1-438B2B738535}
	EndGlobalSection
EndGlobal
